
Microsoft Visual Studio Solution File, Format Version 12.00
# Visual Studio 15
VisualStudioVersion = 15.0.28307.572
MinimumVisualStudioVersion = 10.0.40219.1
Project("{34036844-64E7-43A5-9151-4AD90E180989}") = "MeltingBoiler.EdgeModule", "MeltingBoiler.EdgeModule\MeltingBoiler.EdgeModule.iotedgeproj", "{54CC2D93-B3DD-4362-AC17-3914F48C333F}"
EndProject
Project("{9A19103F-16F7-4668-BE54-9A1E7A4F7556}") = "TemperatureSimulator", "TemperatureSimulator\TemperatureSimulator.csproj", "{3F265F0E-4F22-4452-BC26-8ED0099078F4}"
EndProject
Project("{9A19103F-16F7-4668-BE54-9A1E7A4F7556}") = "MeltingBoiler.SafeguardFunction", "MeltingBoiler.SafeguardFunction\MeltingBoiler.SafeguardFunction.csproj", "{1F062D67-0D01-449D-BE85-F7EA1F735F48}"
EndProject
Global
	GlobalSection(SolutionConfigurationPlatforms) = preSolution
		Debug|Any CPU = Debug|Any CPU
		Release|Any CPU = Release|Any CPU
	EndGlobalSection
	GlobalSection(ProjectConfigurationPlatforms) = postSolution
		{54CC2D93-B3DD-4362-AC17-3914F48C333F}.Debug|Any CPU.ActiveCfg = Debug|Any CPU
		{54CC2D93-B3DD-4362-AC17-3914F48C333F}.Debug|Any CPU.Build.0 = Debug|Any CPU
		{54CC2D93-B3DD-4362-AC17-3914F48C333F}.Release|Any CPU.ActiveCfg = Release|Any CPU
		{54CC2D93-B3DD-4362-AC17-3914F48C333F}.Release|Any CPU.Build.0 = Release|Any CPU
		{3F265F0E-4F22-4452-BC26-8ED0099078F4}.Debug|Any CPU.ActiveCfg = Debug|Any CPU
		{3F265F0E-4F22-4452-BC26-8ED0099078F4}.Debug|Any CPU.Build.0 = Debug|Any CPU
		{3F265F0E-4F22-4452-BC26-8ED0099078F4}.Release|Any CPU.ActiveCfg = Release|Any CPU
		{3F265F0E-4F22-4452-BC26-8ED0099078F4}.Release|Any CPU.Build.0 = Release|Any CPU
		{1F062D67-0D01-449D-BE85-F7EA1F735F48}.Debug|Any CPU.ActiveCfg = Debug|Any CPU
		{1F062D67-0D01-449D-BE85-F7EA1F735F48}.Debug|Any CPU.Build.0 = Debug|Any CPU
		{1F062D67-0D01-449D-BE85-F7EA1F735F48}.Release|Any CPU.ActiveCfg = Release|Any CPU
		{1F062D67-0D01-449D-BE85-F7EA1F735F48}.Release|Any CPU.Build.0 = Release|Any CPU
	EndGlobalSection
	GlobalSection(SolutionProperties) = preSolution
		HideSolutionNode = FALSE
	EndGlobalSection
	GlobalSection(ExtensibilityGlobals) = postSolution
		SolutionGuid = {7E240DE3-00E9-40BE-B09E-9EC218B93EB7}
	EndGlobalSection
EndGlobal
